
Microsoft Visual Studio Solution File, Format Version 12.00
# Visual Studio Version 17
VisualStudioVersion = 17.7.34202.233
MinimumVisualStudioVersion = 10.0.40219.1
Project("{FAE04EC0-301F-11D3-BF4B-00C04F79EFBC}") = "ObjektyATridyVyklad", "ObjektyATridyVyklad.csproj", "{DD697B12-0327-438C-8CD8-EDE4874A4A5B}"
EndProject
Global
	GlobalSection(SolutionConfigurationPlatforms) = preSolution
		Debug|Any CPU = Debug|Any CPU
		Release|Any CPU = Release|Any CPU
	EndGlobalSection
	GlobalSection(ProjectConfigurationPlatforms) = postSolution
		{DD697B12-0327-438C-8CD8-EDE4874A4A5B}.Debug|Any CPU.ActiveCfg = Debug|Any CPU
		{DD697B12-0327-438C-8CD8-EDE4874A4A5B}.Debug|Any CPU.Build.0 = Debug|Any CPU
		{DD697B12-0327-438C-8CD8-EDE4874A4A5B}.Release|Any CPU.ActiveCfg = Release|Any CPU
		{DD697B12-0327-438C-8CD8-EDE4874A4A5B}.Release|Any CPU.Build.0 = Release|Any CPU
	EndGlobalSection
	GlobalSection(SolutionProperties) = preSolution
		HideSolutionNode = FALSE
	EndGlobalSection
	GlobalSection(ExtensibilityGlobals) = postSolution
		SolutionGuid = {2F925B42-40AE-4ADA-9D9A-BB15AC69BB28}
	EndGlobalSection
EndGlobal
