
Microsoft Visual Studio Solution File, Format Version 12.00
# Visual Studio Version 17
VisualStudioVersion = 17.6.33723.286
MinimumVisualStudioVersion = 10.0.40219.1
Project("{FAE04EC0-301F-11D3-BF4B-00C04F79EFBC}") = "RadiciAlgoritmy", "..\RadiciAlgoritmy\RadiciAlgoritmy.csproj", "{66C09B61-544E-4DBA-BFC6-B7B70825C6AA}"
EndProject
Global
	GlobalSection(SolutionConfigurationPlatforms) = preSolution
		Debug|Any CPU = Debug|Any CPU
		Release|Any CPU = Release|Any CPU
	EndGlobalSection
	GlobalSection(ProjectConfigurationPlatforms) = postSolution
		{66C09B61-544E-4DBA-BFC6-B7B70825C6AA}.Debug|Any CPU.ActiveCfg = Debug|Any CPU
		{66C09B61-544E-4DBA-BFC6-B7B70825C6AA}.Debug|Any CPU.Build.0 = Debug|Any CPU
		{66C09B61-544E-4DBA-BFC6-B7B70825C6AA}.Release|Any CPU.ActiveCfg = Release|Any CPU
		{66C09B61-544E-4DBA-BFC6-B7B70825C6AA}.Release|Any CPU.Build.0 = Release|Any CPU
	EndGlobalSection
	GlobalSection(SolutionProperties) = preSolution
		HideSolutionNode = FALSE
	EndGlobalSection
	GlobalSection(ExtensibilityGlobals) = postSolution
		SolutionGuid = {1C1E0C80-EB24-47E6-801F-E37A54503A6E}
	EndGlobalSection
EndGlobal
