
Microsoft Visual Studio Solution File, Format Version 12.00
# Visual Studio Version 17
VisualStudioVersion = 17.7.34031.279
MinimumVisualStudioVersion = 10.0.40219.1
Project("{FAE04EC0-301F-11D3-BF4B-00C04F79EFBC}") = "RadiciAlgoritmy", "RadiciAlgoritmy.csproj", "{0DE4CF37-0822-48C8-A9EB-E0C3C832FDDD}"
EndProject
Global
	GlobalSection(SolutionConfigurationPlatforms) = preSolution
		Debug|Any CPU = Debug|Any CPU
		Release|Any CPU = Release|Any CPU
	EndGlobalSection
	GlobalSection(ProjectConfigurationPlatforms) = postSolution
		{0DE4CF37-0822-48C8-A9EB-E0C3C832FDDD}.Debug|Any CPU.ActiveCfg = Debug|Any CPU
		{0DE4CF37-0822-48C8-A9EB-E0C3C832FDDD}.Debug|Any CPU.Build.0 = Debug|Any CPU
		{0DE4CF37-0822-48C8-A9EB-E0C3C832FDDD}.Release|Any CPU.ActiveCfg = Release|Any CPU
		{0DE4CF37-0822-48C8-A9EB-E0C3C832FDDD}.Release|Any CPU.Build.0 = Release|Any CPU
	EndGlobalSection
	GlobalSection(SolutionProperties) = preSolution
		HideSolutionNode = FALSE
	EndGlobalSection
	GlobalSection(ExtensibilityGlobals) = postSolution
		SolutionGuid = {2F261092-B68A-4FBF-87C2-0283F94CBB55}
	EndGlobalSection
EndGlobal
