
Microsoft Visual Studio Solution File, Format Version 12.00
# Visual Studio Version 17
VisualStudioVersion = 17.7.34202.233
MinimumVisualStudioVersion = 10.0.40219.1
Project("{FAE04EC0-301F-11D3-BF4B-00C04F79EFBC}") = "MandelbrotovaMnozina", "MandelbrotovaMnozina.csproj", "{C0F40F76-DCFA-49B5-8776-D9B3AD0BE4E5}"
EndProject
Global
	GlobalSection(SolutionConfigurationPlatforms) = preSolution
		Debug|Any CPU = Debug|Any CPU
		Release|Any CPU = Release|Any CPU
	EndGlobalSection
	GlobalSection(ProjectConfigurationPlatforms) = postSolution
		{C0F40F76-DCFA-49B5-8776-D9B3AD0BE4E5}.Debug|Any CPU.ActiveCfg = Debug|Any CPU
		{C0F40F76-DCFA-49B5-8776-D9B3AD0BE4E5}.Debug|Any CPU.Build.0 = Debug|Any CPU
		{C0F40F76-DCFA-49B5-8776-D9B3AD0BE4E5}.Release|Any CPU.ActiveCfg = Release|Any CPU
		{C0F40F76-DCFA-49B5-8776-D9B3AD0BE4E5}.Release|Any CPU.Build.0 = Release|Any CPU
	EndGlobalSection
	GlobalSection(SolutionProperties) = preSolution
		HideSolutionNode = FALSE
	EndGlobalSection
	GlobalSection(ExtensibilityGlobals) = postSolution
		SolutionGuid = {B238D1D8-25D1-4080-81AD-2173E5831511}
	EndGlobalSection
EndGlobal
