
Microsoft Visual Studio Solution File, Format Version 12.00
# Visual Studio Version 17
VisualStudioVersion = 17.6.33723.286
MinimumVisualStudioVersion = 10.0.40219.1
Project("{FAE04EC0-301F-11D3-BF4B-00C04F79EFBC}") = "Opakovani", "Opakovani.csproj", "{7A934184-3B82-4829-A884-B08C650FD7EB}"
EndProject
Global
	GlobalSection(SolutionConfigurationPlatforms) = preSolution
		Debug|Any CPU = Debug|Any CPU
		Release|Any CPU = Release|Any CPU
	EndGlobalSection
	GlobalSection(ProjectConfigurationPlatforms) = postSolution
		{7A934184-3B82-4829-A884-B08C650FD7EB}.Debug|Any CPU.ActiveCfg = Debug|Any CPU
		{7A934184-3B82-4829-A884-B08C650FD7EB}.Debug|Any CPU.Build.0 = Debug|Any CPU
		{7A934184-3B82-4829-A884-B08C650FD7EB}.Release|Any CPU.ActiveCfg = Release|Any CPU
		{7A934184-3B82-4829-A884-B08C650FD7EB}.Release|Any CPU.Build.0 = Release|Any CPU
	EndGlobalSection
	GlobalSection(SolutionProperties) = preSolution
		HideSolutionNode = FALSE
	EndGlobalSection
	GlobalSection(ExtensibilityGlobals) = postSolution
		SolutionGuid = {2B5C8D78-1056-41E8-BEA8-B4964440709B}
	EndGlobalSection
EndGlobal
