
Microsoft Visual Studio Solution File, Format Version 12.00
# Visual Studio Version 17
VisualStudioVersion = 17.7.34202.233
MinimumVisualStudioVersion = 10.0.40219.1
Project("{FAE04EC0-301F-11D3-BF4B-00C04F79EFBC}") = "DatoveTypyVyklad", "DatoveTypyVyklad.csproj", "{1D020D2A-3138-4698-863F-334E67B84E10}"
EndProject
Global
	GlobalSection(SolutionConfigurationPlatforms) = preSolution
		Debug|Any CPU = Debug|Any CPU
		Release|Any CPU = Release|Any CPU
	EndGlobalSection
	GlobalSection(ProjectConfigurationPlatforms) = postSolution
		{1D020D2A-3138-4698-863F-334E67B84E10}.Debug|Any CPU.ActiveCfg = Debug|Any CPU
		{1D020D2A-3138-4698-863F-334E67B84E10}.Debug|Any CPU.Build.0 = Debug|Any CPU
		{1D020D2A-3138-4698-863F-334E67B84E10}.Release|Any CPU.ActiveCfg = Release|Any CPU
		{1D020D2A-3138-4698-863F-334E67B84E10}.Release|Any CPU.Build.0 = Release|Any CPU
	EndGlobalSection
	GlobalSection(SolutionProperties) = preSolution
		HideSolutionNode = FALSE
	EndGlobalSection
	GlobalSection(ExtensibilityGlobals) = postSolution
		SolutionGuid = {4F5835FA-1275-4C32-9B88-8B9A02411B3E}
	EndGlobalSection
EndGlobal
